// !$*UTF8*$!
{
	archiveVersion = 1;
	classes = {
	};
	objectVersion = 50;
	objects = {

/* Begin PBXBuildFile section */
		BA204B4824E7C8F3006B70DB /* AppDelegate.swift in Sources */ = {isa = PBXBuildFile; fileRef = BA204B4724E7C8F3006B70DB /* AppDelegate.swift */; };
		BA204B4A24E7C8F3006B70DB /* SceneDelegate.swift in Sources */ = {isa = PBXBuildFile; fileRef = BA204B4924E7C8F3006B70DB /* SceneDelegate.swift */; };
		BA204B4C24E7C8F3006B70DB /* ViewController.swift in Sources */ = {isa = PBXBuildFile; fileRef = BA204B4B24E7C8F3006B70DB /* ViewController.swift */; };
		BA204B4F24E7C8F3006B70DB /* Main.storyboard in Resources */ = {isa = PBXBuildFile; fileRef = BA204B4D24E7C8F3006B70DB /* Main.storyboard */; };
		BA204B5124E7C8F4006B70DB /* Assets.xcassets in Resources */ = {isa = PBXBuildFile; fileRef = BA204B5024E7C8F4006B70DB /* Assets.xcassets */; };
		BA204B5424E7C8F4006B70DB /* LaunchScreen.storyboard in Resources */ = {isa = PBXBuildFile; fileRef = BA204B5224E7C8F4006B70DB /* LaunchScreen.storyboard */; };
/* End PBXBuildFile section */

/* Begin PBXFileReference section */
		BA204B4424E7C8F2006B70DB /* a207NetworOne.app */ = {isa = PBXFileReference; explicitFileType = wrapper.application; includeInIndex = 0; path = a207NetworOne.app; sourceTree = BUILT_PRODUCTS_DIR; };
		BA204B4724E7C8F3006B70DB /* AppDelegate.swift */ = {isa = PBXFileReference; lastKnownFileType = sourcecode.swift; path = AppDelegate.swift; sourceTree = "<group>"; };
		BA204B4924E7C8F3006B70DB /* SceneDelegate.swift */ = {isa = PBXFileReference; lastKnownFileType = sourcecode.swift; path = SceneDelegate.swift; sourceTree = "<group>"; };
		BA204B4B24E7C8F3006B70DB /* ViewController.swift */ = {isa = PBXFileReference; lastKnownFileType = sourcecode.swift; path = ViewController.swift; sourceTree = "<group>"; };
		BA204B4E24E7C8F3006B70DB /* Base */ = {isa = PBXFileReference; lastKnownFileType = file.storyboard; name = Base; path = Base.lproj/Main.storyboard; sourceTree = "<group>"; };
		BA204B5024E7C8F4006B70DB /* Assets.xcassets */ = {isa = PBXFileReference; lastKnownFileType = folder.assetcatalog; path = Assets.xcassets; sourceTree = "<group>"; };
		BA204B5324E7C8F4006B70DB /* Base */ = {isa = PBXFileReference; lastKnownFileType = file.storyboard; name = Base; path = Base.lproj/LaunchScreen.storyboard; sourceTree = "<group>"; };
		BA204B5524E7C8F4006B70DB /* Info.plist */ = {isa = PBXFileReference; lastKnownFileType = text.plist.xml; path = Info.plist; sourceTree = "<group>"; };
/* End PBXFileReference section */

/* Begin PBXFrameworksBuildPhase section */
		BA204B4124E7C8F2006B70DB /* Frameworks */ = {
			isa = PBXFrameworksBuildPhase;
			buildActionMask = 2147483647;
			files = (
			);
			runOnlyForDeploymentPostprocessing = 0;
		};
/* End PBXFrameworksBuildPhase section */

/* Begin PBXGroup section */
		BA204B3B24E7C8F2006B70DB = {
			isa = PBXGroup;
			children = (
				BA204B4624E7C8F3006B70DB /* a207NetworOne */,
				BA204B4524E7C8F2006B70DB /* Products */,
			);
			sourceTree = "<group>";
		};
		BA204B4524E7C8F2006B70DB /* Products */ = {
			isa = PBXGroup;
			children = (
				BA204B4424E7C8F2006B70DB /* a207NetworOne.app */,
			);
			name = Products;
			sourceTree = "<group>";
		};
		BA204B4624E7C8F3006B70DB /* a207NetworOne */ = {
			isa = PBXGroup;
			children = (
				BA204B4724E7C8F3006B70DB /* AppDelegate.swift */,
				BA204B4924E7C8F3006B70DB /* SceneDelegate.swift */,
				BA204B4B24E7C8F3006B70DB /* ViewController.swift */,
				BA204B4D24E7C8F3006B70DB /* Main.storyboard */,
				BA204B5024E7C8F4006B70DB /* Assets.xcassets */,
				BA204B5224E7C8F4006B70DB /* LaunchScreen.storyboard */,
				BA204B5524E7C8F4006B70DB /* Info.plist */,
			);
			path = a207NetworOne;
			sourceTree = "<group>";
		};
/* End PBXGroup section */

/* Begin PBXNativeTarget section */
		BA204B4324E7C8F2006B70DB /* a207NetworOne */ = {
			isa = PBXNativeTarget;
			buildConfigurationList = BA204B5824E7C8F4006B70DB /* Build configuration list for PBXNativeTarget "a207NetworOne" */;
			buildPhases = (
				BA204B4024E7C8F2006B70DB /* Sources */,
				BA204B4124E7C8F2006B70DB /* Frameworks */,
				BA204B4224E7C8F2006B70DB /* Resources */,
			);
			buildRules = (
			);
			dependencies = (
			);
			name = a207NetworOne;
			productName = a207NetworOne;
			productReference = BA204B4424E7C8F2006B70DB /* a207NetworOne.app */;
			productType = "com.apple.product-type.application";
		};
/* End PBXNativeTarget section */

/* Begin PBXProject section */
		BA204B3C24E7C8F2006B70DB /* Project object */ = {
			isa = PBXProject;
			attributes = {
				LastSwiftUpdateCheck = 1160;
				LastUpgradeCheck = 1160;
				ORGANIZATIONNAME = "申潤五";
				TargetAttributes = {
					BA204B4324E7C8F2006B70DB = {
						CreatedOnToolsVersion = 11.6;
					};
				};
			};
			buildConfigurationList = BA204B3F24E7C8F2006B70DB /* Build configuration list for PBXProject "a207NetworOne" */;
			compatibilityVersion = "Xcode 9.3";
			developmentRegion = en;
			hasScannedForEncodings = 0;
			knownRegions = (
				en,
				Base,
			);
			mainGroup = BA204B3B24E7C8F2006B70DB;
			productRefGroup = BA204B4524E7C8F2006B70DB /* Products */;
			projectDirPath = "";
			projectRoot = "";
			targets = (
				BA204B4324E7C8F2006B70DB /* a207NetworOne */,
			);
		};
/* End PBXProject section */

/* Begin PBXResourcesBuildPhase section */
		BA204B4224E7C8F2006B70DB /* Resources */ = {
			isa = PBXResourcesBuildPhase;
			buildActionMask = 2147483647;
			files = (
				BA204B5424E7C8F4006B70DB /* LaunchScreen.storyboard in Resources */,
				BA204B5124E7C8F4006B70DB /* Assets.xcassets in Resources */,
				BA204B4F24E7C8F3006B70DB /* Main.storyboard in Resources */,
			);
			runOnlyForDeploymentPostprocessing = 0;
		};
/* End PBXResourcesBuildPhase section */

/* Begin PBXSourcesBuildPhase section */
		BA204B4024E7C8F2006B70DB /* Sources */ = {
			isa = PBXSourcesBuildPhase;
			buildActionMask = 2147483647;
			files = (
				BA204B4C24E7C8F3006B70DB /* ViewController.swift in Sources */,
				BA204B4824E7C8F3006B70DB /* AppDelegate.swift in Sources */,
				BA204B4A24E7C8F3006B70DB /* SceneDelegate.swift in Sources */,
			);
			runOnlyForDeploymentPostprocessing = 0;
		};
/* End PBXSourcesBuildPhase section */

/* Begin PBXVariantGroup section */
		BA204B4D24E7C8F3006B70DB /* Main.storyboard */ = {
			isa = PBXVariantGroup;
			children = (
				BA204B4E24E7C8F3006B70DB /* Base */,
			);
			name = Main.storyboard;
			sourceTree = "<group>";
		};
		BA204B5224E7C8F4006B70DB /* LaunchScreen.storyboard */ = {
			isa = PBXVariantGroup;
			children = (
				BA204B5324E7C8F4006B70DB /* Base */,
			);
			name = LaunchScreen.storyboard;
			sourceTree = "<group>";
		};
/* End PBXVariantGroup section */

/* Begin XCBuildConfiguration section */
		BA204B5624E7C8F4006B70DB /* Debug */ = {
			isa = XCBuildConfiguration;
			buildSettings = {
				ALWAYS_SEARCH_USER_PATHS = NO;
				CLANG_ANALYZER_NONNULL = YES;
				CLANG_ANALYZER_NUMBER_OBJECT_CONVERSION = YES_AGGRESSIVE;
				CLANG_CXX_LANGUAGE_STANDARD = "gnu++14";
				CLANG_CXX_LIBRARY = "libc++";
				CLANG_ENABLE_MODULES = YES;
				CLANG_ENABLE_OBJC_ARC = YES;
				CLANG_ENABLE_OBJC_WEAK = YES;
				CLANG_WARN_BLOCK_CAPTURE_AUTORELEASING = YES;
				CLANG_WARN_BOOL_CONVERSION = YES;
				CLANG_WARN_COMMA = YES;
				CLANG_WARN_CONSTANT_CONVERSION = YES;
				CLANG_WARN_DEPRECATED_OBJC_IMPLEMENTATIONS = YES;
				CLANG_WARN_DIRECT_OBJC_ISA_USAGE = YES_ERROR;
				CLANG_WARN_DOCUMENTATION_COMMENTS = YES;
				CLANG_WARN_EMPTY_BODY = YES;
				CLANG_WARN_ENUM_CONVERSION = YES;
				CLANG_WARN_INFINITE_RECURSION = YES;
				CLANG_WARN_INT_CONVERSION = YES;
				CLANG_WARN_NON_LITERAL_NULL_CONVERSION = YES;
				CLANG_WARN_OBJC_IMPLICIT_RETAIN_SELF = YES;
				CLANG_WARN_OBJC_LITERAL_CONVERSION = YES;
				CLANG_WARN_OBJC_ROOT_CLASS = YES_ERROR;
				CLANG_WARN_RANGE_LOOP_ANALYSIS = YES;
				CLANG_WARN_STRICT_PROTOTYPES = YES;
				CLANG_WARN_SUSPICIOUS_MOVE = YES;
				CLANG_WARN_UNGUARDED_AVAILABILITY = YES_AGGRESSIVE;
				CLANG_WARN_UNREACHABLE_CODE = YES;
				CLANG_WARN__DUPLICATE_METHOD_MATCH = YES;
				COPY_PHASE_STRIP = NO;
				DEBUG_INFORMATION_FORMAT = dwarf;
				ENABLE_STRICT_OBJC_MSGSEND = YES;
				ENABLE_TESTABILITY = YES;
				GCC_C_LANGUAGE_STANDARD = gnu11;
				GCC_DYNAMIC_NO_PIC = NO;
				GCC_NO_COMMON_BLOCKS = YES;
				GCC_OPTIMIZATION_LEVEL = 0;
				GCC_PREPROCESSOR_DEFINITIONS = (
					"DEBUG=1",
					"$(inherited)",
				);
				GCC_WARN_64_TO_32_BIT_CONVERSION = YES;
				GCC_WARN_ABOUT_RETURN_TYPE = YES_ERROR;
				GCC_WARN_UNDECLARED_SELECTOR = YES;
				GCC_WARN_UNINITIALIZED_AUTOS = YES_AGGRESSIVE;
				GCC_WARN_UNUSED_FUNCTION = YES;
				GCC_WARN_UNUSED_VARIABLE = YES;
				IPHONEOS_DEPLOYMENT_TARGET = 13.6;
				MTL_ENABLE_DEBUG_INFO = INCLUDE_SOURCE;
				MTL_FAST_MATH = YES;
				ONLY_ACTIVE_ARCH = YES;
				SDKROOT = iphoneos;
				SWIFT_ACTIVE_COMPILATION_CONDITIONS = DEBUG;
				SWIFT_OPTIMIZATION_LEVEL = "-Onone";
			};
			name = Debug;
		};
		BA204B5724E7C8F4006B70DB /* Release */ = {
			isa = XCBuildConfiguration;
			buildSettings = {
				ALWAYS_SEARCH_USER_PATHS = NO;
				CLANG_ANALYZER_NONNULL = YES;
				CLANG_ANALYZER_NUMBER_OBJECT_CONVERSION = YES_AGGRESSIVE;
				CLANG_CXX_LANGUAGE_STANDARD = "gnu++14";
				CLANG_CXX_LIBRARY = "libc++";
				CLANG_ENABLE_MODULES = YES;
				CLANG_ENABLE_OBJC_ARC = YES;
				CLANG_ENABLE_OBJC_WEAK = YES;
				CLANG_WARN_BLOCK_CAPTURE_AUTORELEASING = YES;
				CLANG_WARN_BOOL_CONVERSION = YES;
				CLANG_WARN_COMMA = YES;
				CLANG_WARN_CONSTANT_CONVERSION = YES;
				CLANG_WARN_DEPRECATED_OBJC_IMPLEMENTATIONS = YES;
				CLANG_WARN_DIRECT_OBJC_ISA_USAGE = YES_ERROR;
				CLANG_WARN_DOCUMENTATION_COMMENTS = YES;
				CLANG_WARN_EMPTY_BODY = YES;
				CLANG_WARN_ENUM_CONVERSION = YES;
				CLANG_WARN_INFINITE_RECURSION = YES;
				CLANG_WARN_INT_CONVERSION = YES;
				CLANG_WARN_NON_LITERAL_NULL_CONVERSION = YES;
				CLANG_WARN_OBJC_IMPLICIT_RETAIN_SELF = YES;
				CLANG_WARN_OBJC_LITERAL_CONVERSION = YES;
				CLANG_WARN_OBJC_ROOT_CLASS = YES_ERROR;
				CLANG_WARN_RANGE_LOOP_ANALYSIS = YES;
				CLANG_WARN_STRICT_PROTOTYPES = YES;
				CLANG_WARN_SUSPICIOUS_MOVE = YES;
				CLANG_WARN_UNGUARDED_AVAILABILITY = YES_AGGRESSIVE;
				CLANG_WARN_UNREACHABLE_CODE = YES;
				CLANG_WARN__DUPLICATE_METHOD_MATCH = YES;
				COPY_PHASE_STRIP = NO;
				DEBUG_INFORMATION_FORMAT = "dwarf-with-dsym";
				ENABLE_NS_ASSERTIONS = NO;
				ENABLE_STRICT_OBJC_MSGSEND = YES;
				GCC_C_LANGUAGE_STANDARD = gnu11;
				GCC_NO_COMMON_BLOCKS = YES;
				GCC_WARN_64_TO_32_BIT_CONVERSION = YES;
				GCC_WARN_ABOUT_RETURN_TYPE = YES_ERROR;
				GCC_WARN_UNDECLARED_SELECTOR = YES;
				GCC_WARN_UNINITIALIZED_AUTOS = YES_AGGRESSIVE;
				GCC_WARN_UNUSED_FUNCTION = YES;
				GCC_WARN_UNUSED_VARIABLE = YES;
				IPHONEOS_DEPLOYMENT_TARGET = 13.6;
				MTL_ENABLE_DEBUG_INFO = NO;
				MTL_FAST_MATH = YES;
				SDKROOT = iphoneos;
				SWIFT_COMPILATION_MODE = wholemodule;
				SWIFT_OPTIMIZATION_LEVEL = "-O";
				VALIDATE_PRODUCT = YES;
			};
			name = Release;
		};
		BA204B5924E7C8F4006B70DB /* Debug */ = {
			isa = XCBuildConfiguration;
			buildSettings = {
				ASSETCATALOG_COMPILER_APPICON_NAME = AppIcon;
				CODE_SIGN_STYLE = Automatic;
				DEVELOPMENT_TEAM = XSVW22JPST;
				INFOPLIST_FILE = a207NetworOne/Info.plist;
				LD_RUNPATH_SEARCH_PATHS = (
					"$(inherited)",
					"@executable_path/Frameworks",
				);
				PRODUCT_BUNDLE_IDENTIFIER = idev.sjw.a207NetworOne;
				PRODUCT_NAME = "$(TARGET_NAME)";
				SWIFT_VERSION = 5.0;
				TARGETED_DEVICE_FAMILY = "1,2";
			};
			name = Debug;
		};
		BA204B5A24E7C8F4006B70DB /* Release */ = {
			isa = XCBuildConfiguration;
			buildSettings = {
				ASSETCATALOG_COMPILER_APPICON_NAME = AppIcon;
				CODE_SIGN_STYLE = Automatic;
				DEVELOPMENT_TEAM = XSVW22JPST;
				INFOPLIST_FILE = a207NetworOne/Info.plist;
				LD_RUNPATH_SEARCH_PATHS = (
					"$(inherited)",
					"@executable_path/Frameworks",
				);
				PRODUCT_BUNDLE_IDENTIFIER = idev.sjw.a207NetworOne;
				PRODUCT_NAME = "$(TARGET_NAME)";
				SWIFT_VERSION = 5.0;
				TARGETED_DEVICE_FAMILY = "1,2";
			};
			name = Release;
		};
/* End XCBuildConfiguration section */

/* Begin XCConfigurationList section */
		BA204B3F24E7C8F2006B70DB /* Build configuration list for PBXProject "a207NetworOne" */ = {
			isa = XCConfigurationList;
			buildConfigurations = (
				BA204B5624E7C8F4006B70DB /* Debug */,
				BA204B5724E7C8F4006B70DB /* Release */,
			);
			defaultConfigurationIsVisible = 0;
			defaultConfigurationName = Release;
		};
		BA204B5824E7C8F4006B70DB /* Build configuration list for PBXNativeTarget "a207NetworOne" */ = {
			isa = XCConfigurationList;
			buildConfigurations = (
				BA204B5924E7C8F4006B70DB /* Debug */,
				BA204B5A24E7C8F4006B70DB /* Release */,
			);
			defaultConfigurationIsVisible = 0;
			defaultConfigurationName = Release;
		};
/* End XCConfigurationList section */
	};
	rootObject = BA204B3C24E7C8F2006B70DB /* Project object */;
}
